
Microsoft Visual Studio Solution File, Format Version 12.00
# Visual Studio 15
VisualStudioVersion = 15.0.27703.2026
MinimumVisualStudioVersion = 10.0.40219.1
Project("{9A19103F-16F7-4668-BE54-9A1E7A4F7556}") = "ESFA.DC.JobStatus", "ESFA.DC.JobStatus\ESFA.DC.JobStatus.csproj", "{F8A8CFE7-80B7-4493-8A00-F823334B8D25}"
EndProject
Project("{2150E333-8FDC-42A3-9474-1A3956D46DE8}") = "Solution Items", "Solution Items", "{44ED98CA-C6A3-44A0-BECF-AF82A6989812}"
	ProjectSection(SolutionItems) = preProject
		..\README.md = ..\README.md
	EndProjectSection
EndProject
Project("{FAE04EC0-301F-11D3-BF4B-00C04F79EFBC}") = "ESFA.DC.JobStatus.Interface", "ESFA.DC.JobStatus.Interface\ESFA.DC.JobStatus.Interface.csproj", "{2C494745-954A-4CC4-B21F-E8370796B7D1}"
EndProject
Project("{FAE04EC0-301F-11D3-BF4B-00C04F79EFBC}") = "ESFA.DC.JobStatus.Dto", "ESFA.DC.JobStatus.Dto\ESFA.DC.JobStatus.Dto.csproj", "{F4E90B09-0B38-42DA-97D3-3E88639AD1FD}"
EndProject
Project("{FAE04EC0-301F-11D3-BF4B-00C04F79EFBC}") = "ESFA.DC.JobStatus.WebServiceCall.Service", "ESFA.DC.JobStatus.WebServiceCall.Service\ESFA.DC.JobStatus.WebServiceCall.Service.csproj", "{6A6C0267-E2FD-4FF0-BDB8-D64E35F25FFA}"
EndProject
Global
	GlobalSection(SolutionConfigurationPlatforms) = preSolution
		Debug|Any CPU = Debug|Any CPU
		Release|Any CPU = Release|Any CPU
	EndGlobalSection
	GlobalSection(ProjectConfigurationPlatforms) = postSolution
		{F8A8CFE7-80B7-4493-8A00-F823334B8D25}.Debug|Any CPU.ActiveCfg = Debug|Any CPU
		{F8A8CFE7-80B7-4493-8A00-F823334B8D25}.Debug|Any CPU.Build.0 = Debug|Any CPU
		{F8A8CFE7-80B7-4493-8A00-F823334B8D25}.Release|Any CPU.ActiveCfg = Release|Any CPU
		{F8A8CFE7-80B7-4493-8A00-F823334B8D25}.Release|Any CPU.Build.0 = Release|Any CPU
		{2C494745-954A-4CC4-B21F-E8370796B7D1}.Debug|Any CPU.ActiveCfg = Debug|Any CPU
		{2C494745-954A-4CC4-B21F-E8370796B7D1}.Debug|Any CPU.Build.0 = Debug|Any CPU
		{2C494745-954A-4CC4-B21F-E8370796B7D1}.Release|Any CPU.ActiveCfg = Release|Any CPU
		{2C494745-954A-4CC4-B21F-E8370796B7D1}.Release|Any CPU.Build.0 = Release|Any CPU
		{F4E90B09-0B38-42DA-97D3-3E88639AD1FD}.Debug|Any CPU.ActiveCfg = Debug|Any CPU
		{F4E90B09-0B38-42DA-97D3-3E88639AD1FD}.Debug|Any CPU.Build.0 = Debug|Any CPU
		{F4E90B09-0B38-42DA-97D3-3E88639AD1FD}.Release|Any CPU.ActiveCfg = Release|Any CPU
		{F4E90B09-0B38-42DA-97D3-3E88639AD1FD}.Release|Any CPU.Build.0 = Release|Any CPU
		{6A6C0267-E2FD-4FF0-BDB8-D64E35F25FFA}.Debug|Any CPU.ActiveCfg = Debug|Any CPU
		{6A6C0267-E2FD-4FF0-BDB8-D64E35F25FFA}.Debug|Any CPU.Build.0 = Debug|Any CPU
		{6A6C0267-E2FD-4FF0-BDB8-D64E35F25FFA}.Release|Any CPU.ActiveCfg = Release|Any CPU
		{6A6C0267-E2FD-4FF0-BDB8-D64E35F25FFA}.Release|Any CPU.Build.0 = Release|Any CPU
	EndGlobalSection
	GlobalSection(SolutionProperties) = preSolution
		HideSolutionNode = FALSE
	EndGlobalSection
	GlobalSection(ExtensibilityGlobals) = postSolution
		SolutionGuid = {DC2E00EA-BEC8-4BDF-9D60-A85F61BEAED0}
	EndGlobalSection
EndGlobal
